<?xml version="1.0" encoding="utf-8"?>
<Project ToolsVersion="4.0" xmlns="http://schemas.microsoft.com/developer/msbuild/2003">
  <ItemGroup>
    <Filter Include="Header Files">
      <UniqueIdentifier>{93995380-89BD-4b04-88EB-625FBE52EBFB}</UniqueIdentifier>
      <Extensions>h;hpp;hxx;hm;inl;inc;xsd</Extensions>
    </Filter>
    <Filter Include="Header Files">
      <UniqueIdentifier>{93995380-89BD-4b04-88EB-625FBE52EBFB}</UniqueIdentifier>
      <Extensions>h;hpp;hxx;hm;inl;inc;xsd</Extensions>
    </Filter>
    <Filter Include="Source Files">
      <UniqueIdentifier>{4FC737F1-C7A5-4376-A066-2A32D752A2FF}</UniqueIdentifier>
      <Extensions>cpp;c;cxx;def;odl;idl;hpj;bat;asm;asmx</Extensions>
    </Filter>
    <Filter Include="Source Files">
      <UniqueIdentifier>{4FC737F1-C7A5-4376-A066-2A32D752A2FF}</UniqueIdentifier>
      <Extensions>cpp;c;cxx;def;odl;idl;hpj;bat;asm;asmx</Extensions>
    </Filter>
  </ItemGroup>
  <ItemGroup>
    <ClCompile Include="..\..\src\nco++\Invoke.cc">
      <Filter>Source Files</Filter>
    </ClCompile>
    <ClCompile Include="..\..\src\nco++\NcapVar.cc">
      <Filter>Source Files</Filter>
    </ClCompile>
    <ClCompile Include="..\..\src\nco++\NcapVarVector.cc">
      <Filter>Source Files</Filter>
    </ClCompile>
    <ClCompile Include="..\..\src\nco++\fmc_all_cls.cc">
      <Filter>Source Files</Filter>
    </ClCompile>
    <ClCompile Include="..\..\src\nco++\fmc_cls.cc">
      <Filter>Source Files</Filter>
    </ClCompile>
    <ClCompile Include="..\..\src\nco++\fmc_gsl_cls.cc">
      <Filter>Source Files</Filter>
    </ClCompile>
    <ClCompile Include="..\..\src\nco++\ncap2.cc">
      <Filter>Source Files</Filter>
    </ClCompile>
    <ClCompile Include="..\..\src\nco++\ncap2_utl.cc">
      <Filter>Source Files</Filter>
    </ClCompile>
    <ClCompile Include="..\..\src\nco++\ncoLexer.cpp">
      <Filter>Source Files</Filter>
    </ClCompile>
    <ClCompile Include="..\..\src\nco++\ncoParser.cpp">
      <Filter>Source Files</Filter>
    </ClCompile>
    <ClCompile Include="..\..\src\nco++\ncoTree.cpp">
      <Filter>Source Files</Filter>
    </ClCompile>
    <ClCompile Include="..\..\src\nco++\nco_gsl.c">
      <Filter>Source Files</Filter>
    </ClCompile>
    <ClCompile Include="..\..\src\nco++\prs_cls.cc">
      <Filter>Source Files</Filter>
    </ClCompile>
    <ClCompile Include="..\..\src\nco++\sdo_utl.cc">
      <Filter>Source Files</Filter>
    </ClCompile>
    <ClCompile Include="..\..\src\nco++\sym_cls.cc">
      <Filter>Source Files</Filter>
    </ClCompile>
  </ItemGroup>
  <ItemGroup>
    <ClInclude Include="..\..\src\nco++\Invoke.hh">
      <Filter>Header Files</Filter>
    </ClInclude>
    <ClInclude Include="..\..\src\nco++\NcapVar.hh">
      <Filter>Header Files</Filter>
    </ClInclude>
    <ClInclude Include="..\..\src\nco++\NcapVarVector.hh">
      <Filter>Header Files</Filter>
    </ClInclude>
    <ClInclude Include="..\..\src\nco++\NcapVector.hh">
      <Filter>Header Files</Filter>
    </ClInclude>
    <ClInclude Include="..\..\src\nco++\VarOp.hh">
      <Filter>Header Files</Filter>
    </ClInclude>
    <ClInclude Include="..\..\src\nco++\fmc_all_cls.hh">
      <Filter>Header Files</Filter>
    </ClInclude>
    <ClInclude Include="..\..\src\nco++\fmc_cls.hh">
      <Filter>Header Files</Filter>
    </ClInclude>
    <ClInclude Include="..\..\src\nco++\fmc_gsl_cls.hh">
      <Filter>Header Files</Filter>
    </ClInclude>
    <ClInclude Include="..\..\src\nco++\libnco++.hh">
      <Filter>Header Files</Filter>
    </ClInclude>
    <ClInclude Include="..\..\src\nco++\map_srt_tmp.hh">
      <Filter>Header Files</Filter>
    </ClInclude>
    <ClInclude Include="..\..\src\nco++\ncap2.hh">
      <Filter>Header Files</Filter>
    </ClInclude>
    <ClInclude Include="..\..\src\nco++\ncap2_utl.hh">
      <Filter>Header Files</Filter>
    </ClInclude>
    <ClInclude Include="..\..\src\nco++\ncoEnumTokenTypes.hpp">
      <Filter>Header Files</Filter>
    </ClInclude>
    <ClInclude Include="..\..\src\nco++\ncoTree.hpp">
      <Filter>Header Files</Filter>
    </ClInclude>
    <ClInclude Include="..\..\src\nco++\nco_gsl.h">
      <Filter>Header Files</Filter>
    </ClInclude>
    <ClInclude Include="..\..\src\nco++\prs_cls.hh">
      <Filter>Header Files</Filter>
    </ClInclude>
    <ClInclude Include="..\..\src\nco++\sdo_utl.hh">
      <Filter>Header Files</Filter>
    </ClInclude>
    <ClInclude Include="..\..\src\nco++\sym_cls.hh">
      <Filter>Header Files</Filter>
    </ClInclude>
    <ClInclude Include="..\..\src\nco++\vtl_cls.hh">
      <Filter>Header Files</Filter>
    </ClInclude>
  </ItemGroup>
</Project>