Microsoft Visual Studio Solution File, Format Version 11.00
# Visual Studio 2010
Project("{8BC9CEB8-8B4A-11D0-8D11-00A0C91BC942}") = "libnco", "libnco\libnco.vcxproj", "{B55FEC36-039B-3C61-B9F7-6F20C4AD5B08}"
EndProject
Project("{8BC9CEB8-8B4A-11D0-8D11-00A0C91BC942}") = "ncatted", "ncatted\ncatted.vcxproj", "{FB9B6455-0E80-3B87-87E5-39B5FB2EC80F}"
	ProjectSection(ProjectDependencies) = postProject
		{B55FEC36-039B-3C61-B9F7-6F20C4AD5B08} = {B55FEC36-039B-3C61-B9F7-6F20C4AD5B08}
	EndProjectSection
EndProject
Project("{8BC9CEB8-8B4A-11D0-8D11-00A0C91BC942}") = "ncbo", "ncbo\ncbo.vcxproj", "{FB057CC9-3709-309F-BAE9-A92B2F9170CE}"
	ProjectSection(ProjectDependencies) = postProject
		{B55FEC36-039B-3C61-B9F7-6F20C4AD5B08} = {B55FEC36-039B-3C61-B9F7-6F20C4AD5B08}
	EndProjectSection
EndProject
Project("{8BC9CEB8-8B4A-11D0-8D11-00A0C91BC942}") = "ncecat", "ncecat\ncecat.vcxproj", "{9A19FFBA-C830-360A-9358-6FB83D8A49DD}"
	ProjectSection(ProjectDependencies) = postProject
		{B55FEC36-039B-3C61-B9F7-6F20C4AD5B08} = {B55FEC36-039B-3C61-B9F7-6F20C4AD5B08}
	EndProjectSection
EndProject
Project("{8BC9CEB8-8B4A-11D0-8D11-00A0C91BC942}") = "ncflint", "ncflint\ncflint.vcxproj", "{219ADF9D-A070-3E92-9579-DAE76E96A040}"
	ProjectSection(ProjectDependencies) = postProject
		{B55FEC36-039B-3C61-B9F7-6F20C4AD5B08} = {B55FEC36-039B-3C61-B9F7-6F20C4AD5B08}
	EndProjectSection
EndProject
Project("{8BC9CEB8-8B4A-11D0-8D11-00A0C91BC942}") = "ncks", "ncks\ncks.vcxproj", "{BB99B853-6720-3165-81E6-EDFEB02DEB5E}"
	ProjectSection(ProjectDependencies) = postProject
		{B55FEC36-039B-3C61-B9F7-6F20C4AD5B08} = {B55FEC36-039B-3C61-B9F7-6F20C4AD5B08}
	EndProjectSection
EndProject
Project("{8BC9CEB8-8B4A-11D0-8D11-00A0C91BC942}") = "ncpdq", "ncpdq\ncpdq.vcxproj", "{6238A45D-77F5-3776-8452-A88833D5D745}"
	ProjectSection(ProjectDependencies) = postProject
		{B55FEC36-039B-3C61-B9F7-6F20C4AD5B08} = {B55FEC36-039B-3C61-B9F7-6F20C4AD5B08}
	EndProjectSection
EndProject
Project("{8BC9CEB8-8B4A-11D0-8D11-00A0C91BC942}") = "ncra", "ncra\ncra.vcxproj", "{6AF7DC52-D1DD-31CB-A93D-6B0A53AEDA76}"
	ProjectSection(ProjectDependencies) = postProject
		{B55FEC36-039B-3C61-B9F7-6F20C4AD5B08} = {B55FEC36-039B-3C61-B9F7-6F20C4AD5B08}
	EndProjectSection
EndProject
Project("{8BC9CEB8-8B4A-11D0-8D11-00A0C91BC942}") = "ncrename", "ncrename\ncrename.vcxproj", "{E289007E-BE44-3BC3-A9D1-B6C5434099D5}"
	ProjectSection(ProjectDependencies) = postProject
		{B55FEC36-039B-3C61-B9F7-6F20C4AD5B08} = {B55FEC36-039B-3C61-B9F7-6F20C4AD5B08}
	EndProjectSection
EndProject
Project("{8BC9CEB8-8B4A-11D0-8D11-00A0C91BC942}") = "libnco_c++", "nco_c++\libnco_c++.vcxproj", "{E0BF1EB6-DD35-3266-B1C1-57B8CC4F6624}"
EndProject
Project("{8BC9CEB8-8B4A-11D0-8D11-00A0C91BC942}") = "tst", "tst_nco_c++\tst.vcxproj", "{5BA56CC7-B434-3679-A8AC-001743BF7ED5}"
	ProjectSection(ProjectDependencies) = postProject
		{B55FEC36-039B-3C61-B9F7-6F20C4AD5B08} = {B55FEC36-039B-3C61-B9F7-6F20C4AD5B08}
		{E0BF1EB6-DD35-3266-B1C1-57B8CC4F6624} = {E0BF1EB6-DD35-3266-B1C1-57B8CC4F6624}
	EndProjectSection
EndProject
Project("{8BC9CEB8-8B4A-11D0-8D11-00A0C91BC942}") = "ncap2", "nco++\ncap2.vcxproj", "{7D3FDD71-4409-3CFA-8BCC-0A0B4541F2DF}"
	ProjectSection(ProjectDependencies) = postProject
		{B55FEC36-039B-3C61-B9F7-6F20C4AD5B08} = {B55FEC36-039B-3C61-B9F7-6F20C4AD5B08}
		{E0BF1EB6-DD35-3266-B1C1-57B8CC4F6624} = {E0BF1EB6-DD35-3266-B1C1-57B8CC4F6624}
	EndProjectSection
EndProject
Project("{8BC9CEB8-8B4A-11D0-8D11-00A0C91BC942}") = "ncwa", "ncwa\ncwa.vcxproj", "{AB853189-92DE-39E5-B489-DB888B3D8B42}"
	ProjectSection(ProjectDependencies) = postProject
		{B55FEC36-039B-3C61-B9F7-6F20C4AD5B08} = {B55FEC36-039B-3C61-B9F7-6F20C4AD5B08}
	EndProjectSection
EndProject
Project("{8BC9CEB8-8B4A-11D0-8D11-00A0C91BC942}") = "ncrcat", "ncrcat\ncrcat.vcxproj", "{8D4DFD55-98E0-37BB-9507-5D88B50D03DA}"
	ProjectSection(ProjectDependencies) = postProject
		{B55FEC36-039B-3C61-B9F7-6F20C4AD5B08} = {B55FEC36-039B-3C61-B9F7-6F20C4AD5B08}
	EndProjectSection
EndProject
Project("{8BC9CEB8-8B4A-11D0-8D11-00A0C91BC942}") = "ncea", "ncea\ncea.vcxproj", "{8CF4AAD2-335A-382C-85C8-64C27892CFEE}"
	ProjectSection(ProjectDependencies) = postProject
		{B55FEC36-039B-3C61-B9F7-6F20C4AD5B08} = {B55FEC36-039B-3C61-B9F7-6F20C4AD5B08}
	EndProjectSection
EndProject
Global
	GlobalSection(SolutionConfigurationPlatforms) = preSolution
		Debug|Win32 = Debug|Win32
		Release|Win32 = Release|Win32
	EndGlobalSection
	GlobalSection(ProjectConfigurationPlatforms) = postSolution
		{B55FEC36-039B-3C61-B9F7-6F20C4AD5B08}.Debug|Win32.ActiveCfg = Debug|Win32
		{B55FEC36-039B-3C61-B9F7-6F20C4AD5B08}.Debug|Win32.Build.0 = Debug|Win32
		{B55FEC36-039B-3C61-B9F7-6F20C4AD5B08}.Release|Win32.ActiveCfg = Release|Win32
		{B55FEC36-039B-3C61-B9F7-6F20C4AD5B08}.Release|Win32.Build.0 = Release|Win32
		{FB9B6455-0E80-3B87-87E5-39B5FB2EC80F}.Debug|Win32.ActiveCfg = Debug|Win32
		{FB9B6455-0E80-3B87-87E5-39B5FB2EC80F}.Debug|Win32.Build.0 = Debug|Win32
		{FB9B6455-0E80-3B87-87E5-39B5FB2EC80F}.Release|Win32.ActiveCfg = Release|Win32
		{FB9B6455-0E80-3B87-87E5-39B5FB2EC80F}.Release|Win32.Build.0 = Release|Win32
		{FB057CC9-3709-309F-BAE9-A92B2F9170CE}.Debug|Win32.ActiveCfg = Debug|Win32
		{FB057CC9-3709-309F-BAE9-A92B2F9170CE}.Debug|Win32.Build.0 = Debug|Win32
		{FB057CC9-3709-309F-BAE9-A92B2F9170CE}.Release|Win32.ActiveCfg = Release|Win32
		{FB057CC9-3709-309F-BAE9-A92B2F9170CE}.Release|Win32.Build.0 = Release|Win32
		{9A19FFBA-C830-360A-9358-6FB83D8A49DD}.Debug|Win32.ActiveCfg = Debug|Win32
		{9A19FFBA-C830-360A-9358-6FB83D8A49DD}.Debug|Win32.Build.0 = Debug|Win32
		{9A19FFBA-C830-360A-9358-6FB83D8A49DD}.Release|Win32.ActiveCfg = Release|Win32
		{9A19FFBA-C830-360A-9358-6FB83D8A49DD}.Release|Win32.Build.0 = Release|Win32
		{219ADF9D-A070-3E92-9579-DAE76E96A040}.Debug|Win32.ActiveCfg = Debug|Win32
		{219ADF9D-A070-3E92-9579-DAE76E96A040}.Debug|Win32.Build.0 = Debug|Win32
		{219ADF9D-A070-3E92-9579-DAE76E96A040}.Release|Win32.ActiveCfg = Release|Win32
		{219ADF9D-A070-3E92-9579-DAE76E96A040}.Release|Win32.Build.0 = Release|Win32
		{BB99B853-6720-3165-81E6-EDFEB02DEB5E}.Debug|Win32.ActiveCfg = Debug|Win32
		{BB99B853-6720-3165-81E6-EDFEB02DEB5E}.Debug|Win32.Build.0 = Debug|Win32
		{BB99B853-6720-3165-81E6-EDFEB02DEB5E}.Release|Win32.ActiveCfg = Release|Win32
		{BB99B853-6720-3165-81E6-EDFEB02DEB5E}.Release|Win32.Build.0 = Release|Win32
		{6238A45D-77F5-3776-8452-A88833D5D745}.Debug|Win32.ActiveCfg = Debug|Win32
		{6238A45D-77F5-3776-8452-A88833D5D745}.Debug|Win32.Build.0 = Debug|Win32
		{6238A45D-77F5-3776-8452-A88833D5D745}.Release|Win32.ActiveCfg = Release|Win32
		{6238A45D-77F5-3776-8452-A88833D5D745}.Release|Win32.Build.0 = Release|Win32
		{6AF7DC52-D1DD-31CB-A93D-6B0A53AEDA76}.Debug|Win32.ActiveCfg = Debug|Win32
		{6AF7DC52-D1DD-31CB-A93D-6B0A53AEDA76}.Debug|Win32.Build.0 = Debug|Win32
		{6AF7DC52-D1DD-31CB-A93D-6B0A53AEDA76}.Release|Win32.ActiveCfg = Release|Win32
		{6AF7DC52-D1DD-31CB-A93D-6B0A53AEDA76}.Release|Win32.Build.0 = Release|Win32
		{E289007E-BE44-3BC3-A9D1-B6C5434099D5}.Debug|Win32.ActiveCfg = Debug|Win32
		{E289007E-BE44-3BC3-A9D1-B6C5434099D5}.Debug|Win32.Build.0 = Debug|Win32
		{E289007E-BE44-3BC3-A9D1-B6C5434099D5}.Release|Win32.ActiveCfg = Release|Win32
		{E289007E-BE44-3BC3-A9D1-B6C5434099D5}.Release|Win32.Build.0 = Release|Win32
		{E0BF1EB6-DD35-3266-B1C1-57B8CC4F6624}.Debug|Win32.ActiveCfg = Debug|Win32
		{E0BF1EB6-DD35-3266-B1C1-57B8CC4F6624}.Debug|Win32.Build.0 = Debug|Win32
		{E0BF1EB6-DD35-3266-B1C1-57B8CC4F6624}.Release|Win32.ActiveCfg = Release|Win32
		{E0BF1EB6-DD35-3266-B1C1-57B8CC4F6624}.Release|Win32.Build.0 = Release|Win32
		{5BA56CC7-B434-3679-A8AC-001743BF7ED5}.Debug|Win32.ActiveCfg = Debug|Win32
		{5BA56CC7-B434-3679-A8AC-001743BF7ED5}.Debug|Win32.Build.0 = Debug|Win32
		{5BA56CC7-B434-3679-A8AC-001743BF7ED5}.Release|Win32.ActiveCfg = Release|Win32
		{5BA56CC7-B434-3679-A8AC-001743BF7ED5}.Release|Win32.Build.0 = Release|Win32
		{7D3FDD71-4409-3CFA-8BCC-0A0B4541F2DF}.Debug|Win32.ActiveCfg = Debug|Win32
		{7D3FDD71-4409-3CFA-8BCC-0A0B4541F2DF}.Debug|Win32.Build.0 = Debug|Win32
		{7D3FDD71-4409-3CFA-8BCC-0A0B4541F2DF}.Release|Win32.ActiveCfg = Release|Win32
		{7D3FDD71-4409-3CFA-8BCC-0A0B4541F2DF}.Release|Win32.Build.0 = Release|Win32
		{AB853189-92DE-39E5-B489-DB888B3D8B42}.Debug|Win32.ActiveCfg = Debug|Win32
		{AB853189-92DE-39E5-B489-DB888B3D8B42}.Debug|Win32.Build.0 = Debug|Win32
		{AB853189-92DE-39E5-B489-DB888B3D8B42}.Release|Win32.ActiveCfg = Release|Win32
		{AB853189-92DE-39E5-B489-DB888B3D8B42}.Release|Win32.Build.0 = Release|Win32
		{8D4DFD55-98E0-37BB-9507-5D88B50D03DA}.Debug|Win32.ActiveCfg = Debug|Win32
		{8D4DFD55-98E0-37BB-9507-5D88B50D03DA}.Debug|Win32.Build.0 = Debug|Win32
		{8D4DFD55-98E0-37BB-9507-5D88B50D03DA}.Release|Win32.ActiveCfg = Release|Win32
		{8D4DFD55-98E0-37BB-9507-5D88B50D03DA}.Release|Win32.Build.0 = Release|Win32
		{8CF4AAD2-335A-382C-85C8-64C27892CFEE}.Debug|Win32.ActiveCfg = Debug|Win32
		{8CF4AAD2-335A-382C-85C8-64C27892CFEE}.Debug|Win32.Build.0 = Debug|Win32
		{8CF4AAD2-335A-382C-85C8-64C27892CFEE}.Release|Win32.ActiveCfg = Release|Win32
		{8CF4AAD2-335A-382C-85C8-64C27892CFEE}.Release|Win32.Build.0 = Release|Win32
	EndGlobalSection
	GlobalSection(SolutionProperties) = preSolution
		HideSolutionNode = FALSE
	EndGlobalSection
	GlobalSection(ExtensibilityGlobals) = postSolution
		QtVersion = qt-everywhere-opensource-src-4.8.3
	EndGlobalSection
EndGlobal
