<?xml version="1.0" encoding="utf-8"?>
<Project ToolsVersion="4.0" xmlns="http://schemas.microsoft.com/developer/msbuild/2003">
  <ItemGroup>
    <Filter Include="Header Files">
      <UniqueIdentifier>{93995380-89BD-4b04-88EB-625FBE52EBFB}</UniqueIdentifier>
      <Extensions>h;hpp;hxx;hm;inl;inc;xsd</Extensions>
    </Filter>
    <Filter Include="Header Files">
      <UniqueIdentifier>{93995380-89BD-4b04-88EB-625FBE52EBFB}</UniqueIdentifier>
      <Extensions>h;hpp;hxx;hm;inl;inc;xsd</Extensions>
    </Filter>
    <Filter Include="Source Files">
      <UniqueIdentifier>{4FC737F1-C7A5-4376-A066-2A32D752A2FF}</UniqueIdentifier>
      <Extensions>cpp;c;cxx;def;odl;idl;hpj;bat;asm;asmx</Extensions>
    </Filter>
    <Filter Include="Source Files">
      <UniqueIdentifier>{4FC737F1-C7A5-4376-A066-2A32D752A2FF}</UniqueIdentifier>
      <Extensions>cpp;c;cxx;def;odl;idl;hpj;bat;asm;asmx</Extensions>
    </Filter>
  </ItemGroup>
  <ItemGroup>
    <ClCompile Include="..\..\src\nco_c++\nco_att.cc">
      <Filter>Source Files</Filter>
    </ClCompile>
    <ClCompile Include="..\..\src\nco_c++\nco_dmn.cc">
      <Filter>Source Files</Filter>
    </ClCompile>
    <ClCompile Include="..\..\src\nco_c++\nco_fl.cc">
      <Filter>Source Files</Filter>
    </ClCompile>
    <ClCompile Include="..\..\src\nco_c++\nco_hgh.cc">
      <Filter>Source Files</Filter>
    </ClCompile>
    <ClCompile Include="..\..\src\nco_c++\nco_utl.cc">
      <Filter>Source Files</Filter>
    </ClCompile>
    <ClCompile Include="..\..\src\nco_c++\nco_var.cc">
      <Filter>Source Files</Filter>
    </ClCompile>
  </ItemGroup>
  <ItemGroup>
    <ClInclude Include="..\..\src\nco_c++\libnco_c++.hh">
      <Filter>Header Files</Filter>
    </ClInclude>
    <ClInclude Include="..\..\src\nco_c++\nco_att.hh">
      <Filter>Header Files</Filter>
    </ClInclude>
    <ClInclude Include="..\..\src\nco_c++\nco_dmn.hh">
      <Filter>Header Files</Filter>
    </ClInclude>
    <ClInclude Include="..\..\src\nco_c++\nco_fl.hh">
      <Filter>Header Files</Filter>
    </ClInclude>
    <ClInclude Include="..\..\src\nco_c++\nco_hgh.hh">
      <Filter>Header Files</Filter>
    </ClInclude>
    <ClInclude Include="..\..\src\nco_c++\nco_utl.hh">
      <Filter>Header Files</Filter>
    </ClInclude>
    <ClInclude Include="..\..\src\nco_c++\nco_var.hh">
      <Filter>Header Files</Filter>
    </ClInclude>
  </ItemGroup>
</Project>